
Microsoft Visual Studio Solution File, Format Version 12.00
# Visual Studio Version 16
VisualStudioVersion = 16.0.32228.343
MinimumVisualStudioVersion = 10.0.40219.1
Project("{9A19103F-16F7-4668-BE54-9A1E7A4F7556}") = "Asv.Mavlink", "Asv.Mavlink\Asv.Mavlink.csproj", "{0AC3C059-92BA-4ACE-AC7B-D84797E3809F}"
EndProject
Project("{FAE04EC0-301F-11D3-BF4B-00C04F79EFBC}") = "Asv.Mavlink.Test", "Asv.Mavlink.Test\Asv.Mavlink.Test.csproj", "{DAC3BF8E-26A8-4404-AB75-A3FFE8FD0DCB}"
EndProject
Project("{FAE04EC0-301F-11D3-BF4B-00C04F79EFBC}") = "Asv.Mavlink.Shell", "Asv.Mavlink.Shell\Asv.Mavlink.Shell.csproj", "{0D760F93-A62C-482E-A898-511720F4B664}"
EndProject
Project("{FAE04EC0-301F-11D3-BF4B-00C04F79EFBC}") = "Asv.Mavlink.Vehicle", "Asv.Mavlink.Vehicle\Asv.Mavlink.Vehicle.csproj", "{FF6996E6-D8AD-4566-9138-DF9F5AA57C3D}"
EndProject
Project("{FAE04EC0-301F-11D3-BF4B-00C04F79EFBC}") = "Asv.Mavlink.Gbs", "Asv.Mavlink.Gbs\Asv.Mavlink.Gbs.csproj", "{327DDD33-551C-4E8A-92FE-F8F158385A01}"
EndProject
Project("{FAE04EC0-301F-11D3-BF4B-00C04F79EFBC}") = "Asv.Mavlink.Sdr", "Asv.Mavlink.Sdr\Asv.Mavlink.Sdr.csproj", "{54B4C459-B226-4674-BB9F-31FBE11070D7}"
EndProject
Project("{FAE04EC0-301F-11D3-BF4B-00C04F79EFBC}") = "Asv.Mavlink.Gbs.Test", "Asv.Mavlink.Gbs.Test\Asv.Mavlink.Gbs.Test.csproj", "{11B74651-1861-419A-9CFC-39101E44777D}"
EndProject
Global
	GlobalSection(SolutionConfigurationPlatforms) = preSolution
		Debug|Any CPU = Debug|Any CPU
		Release|Any CPU = Release|Any CPU
	EndGlobalSection
	GlobalSection(ProjectConfigurationPlatforms) = postSolution
		{0AC3C059-92BA-4ACE-AC7B-D84797E3809F}.Debug|Any CPU.ActiveCfg = Debug|Any CPU
		{0AC3C059-92BA-4ACE-AC7B-D84797E3809F}.Debug|Any CPU.Build.0 = Debug|Any CPU
		{0AC3C059-92BA-4ACE-AC7B-D84797E3809F}.Release|Any CPU.ActiveCfg = Release|Any CPU
		{0AC3C059-92BA-4ACE-AC7B-D84797E3809F}.Release|Any CPU.Build.0 = Release|Any CPU
		{DAC3BF8E-26A8-4404-AB75-A3FFE8FD0DCB}.Debug|Any CPU.ActiveCfg = Debug|Any CPU
		{DAC3BF8E-26A8-4404-AB75-A3FFE8FD0DCB}.Debug|Any CPU.Build.0 = Debug|Any CPU
		{DAC3BF8E-26A8-4404-AB75-A3FFE8FD0DCB}.Release|Any CPU.ActiveCfg = Release|Any CPU
		{DAC3BF8E-26A8-4404-AB75-A3FFE8FD0DCB}.Release|Any CPU.Build.0 = Release|Any CPU
		{0D760F93-A62C-482E-A898-511720F4B664}.Debug|Any CPU.ActiveCfg = Debug|Any CPU
		{0D760F93-A62C-482E-A898-511720F4B664}.Debug|Any CPU.Build.0 = Debug|Any CPU
		{0D760F93-A62C-482E-A898-511720F4B664}.Release|Any CPU.ActiveCfg = Release|Any CPU
		{0D760F93-A62C-482E-A898-511720F4B664}.Release|Any CPU.Build.0 = Release|Any CPU
		{FF6996E6-D8AD-4566-9138-DF9F5AA57C3D}.Debug|Any CPU.ActiveCfg = Debug|Any CPU
		{FF6996E6-D8AD-4566-9138-DF9F5AA57C3D}.Debug|Any CPU.Build.0 = Debug|Any CPU
		{FF6996E6-D8AD-4566-9138-DF9F5AA57C3D}.Release|Any CPU.ActiveCfg = Release|Any CPU
		{FF6996E6-D8AD-4566-9138-DF9F5AA57C3D}.Release|Any CPU.Build.0 = Release|Any CPU
		{327DDD33-551C-4E8A-92FE-F8F158385A01}.Debug|Any CPU.ActiveCfg = Debug|Any CPU
		{327DDD33-551C-4E8A-92FE-F8F158385A01}.Debug|Any CPU.Build.0 = Debug|Any CPU
		{327DDD33-551C-4E8A-92FE-F8F158385A01}.Release|Any CPU.ActiveCfg = Release|Any CPU
		{327DDD33-551C-4E8A-92FE-F8F158385A01}.Release|Any CPU.Build.0 = Release|Any CPU
		{54B4C459-B226-4674-BB9F-31FBE11070D7}.Debug|Any CPU.ActiveCfg = Debug|Any CPU
		{54B4C459-B226-4674-BB9F-31FBE11070D7}.Debug|Any CPU.Build.0 = Debug|Any CPU
		{54B4C459-B226-4674-BB9F-31FBE11070D7}.Release|Any CPU.ActiveCfg = Release|Any CPU
		{54B4C459-B226-4674-BB9F-31FBE11070D7}.Release|Any CPU.Build.0 = Release|Any CPU
		{11B74651-1861-419A-9CFC-39101E44777D}.Debug|Any CPU.ActiveCfg = Debug|Any CPU
		{11B74651-1861-419A-9CFC-39101E44777D}.Debug|Any CPU.Build.0 = Debug|Any CPU
		{11B74651-1861-419A-9CFC-39101E44777D}.Release|Any CPU.ActiveCfg = Release|Any CPU
		{11B74651-1861-419A-9CFC-39101E44777D}.Release|Any CPU.Build.0 = Release|Any CPU
	EndGlobalSection
	GlobalSection(SolutionProperties) = preSolution
		HideSolutionNode = FALSE
	EndGlobalSection
	GlobalSection(ExtensibilityGlobals) = postSolution
		SolutionGuid = {2EC852B7-C109-4B88-A72A-9CD9188A80E2}
	EndGlobalSection
EndGlobal
