
Microsoft Visual Studio Solution File, Format Version 12.00
# Visual Studio Version 16
VisualStudioVersion = 16.0.32228.343
MinimumVisualStudioVersion = 10.0.40219.1
Project("{9A19103F-16F7-4668-BE54-9A1E7A4F7556}") = "Asv.Mavlink", "Asv.Mavlink\Asv.Mavlink.csproj", "{0AC3C059-92BA-4ACE-AC7B-D84797E3809F}"
EndProject
Project("{FAE04EC0-301F-11D3-BF4B-00C04F79EFBC}") = "Asv.Mavlink.Test", "Asv.Mavlink.Test\Asv.Mavlink.Test.csproj", "{DAC3BF8E-26A8-4404-AB75-A3FFE8FD0DCB}"
EndProject
Project("{FAE04EC0-301F-11D3-BF4B-00C04F79EFBC}") = "Asv.Mavlink.Shell", "Asv.Mavlink.Shell\Asv.Mavlink.Shell.csproj", "{0D760F93-A62C-482E-A898-511720F4B664}"
EndProject
Project("{2150E333-8FDC-42A3-9474-1A3956D46DE8}") = "Solution items", "Solution items", "{5B9E6116-00F2-4CB8-AB21-E302F04138A8}"
	ProjectSection(SolutionItems) = preProject
		..\.gitignore = ..\.gitignore
		..\build.bat = ..\build.bat
		..\LICENSE = ..\LICENSE
		..\publish_nuget.bat = ..\publish_nuget.bat
		..\README.md = ..\README.md
		..\regenerate_asv.bat = ..\regenerate_asv.bat
		..\regenerate_mavlink.bat = ..\regenerate_mavlink.bat
		Directory.Build.props = Directory.Build.props
		..\.github\workflows\NO_TEST_NUGET_WINDOWS.yml = ..\.github\workflows\NO_TEST_NUGET_WINDOWS.yml
		..\.github\workflows\nuget_windows.yml = ..\.github\workflows\nuget_windows.yml
		..\publish_github.bat = ..\publish_github.bat
	EndProjectSection
EndProject
Global
	GlobalSection(SolutionConfigurationPlatforms) = preSolution
		Debug|Any CPU = Debug|Any CPU
		Release|Any CPU = Release|Any CPU
	EndGlobalSection
	GlobalSection(ProjectConfigurationPlatforms) = postSolution
		{0AC3C059-92BA-4ACE-AC7B-D84797E3809F}.Debug|Any CPU.ActiveCfg = Debug|Any CPU
		{0AC3C059-92BA-4ACE-AC7B-D84797E3809F}.Debug|Any CPU.Build.0 = Debug|Any CPU
		{0AC3C059-92BA-4ACE-AC7B-D84797E3809F}.Release|Any CPU.ActiveCfg = Release|Any CPU
		{0AC3C059-92BA-4ACE-AC7B-D84797E3809F}.Release|Any CPU.Build.0 = Release|Any CPU
		{DAC3BF8E-26A8-4404-AB75-A3FFE8FD0DCB}.Debug|Any CPU.ActiveCfg = Debug|Any CPU
		{DAC3BF8E-26A8-4404-AB75-A3FFE8FD0DCB}.Debug|Any CPU.Build.0 = Debug|Any CPU
		{DAC3BF8E-26A8-4404-AB75-A3FFE8FD0DCB}.Release|Any CPU.ActiveCfg = Release|Any CPU
		{DAC3BF8E-26A8-4404-AB75-A3FFE8FD0DCB}.Release|Any CPU.Build.0 = Release|Any CPU
		{0D760F93-A62C-482E-A898-511720F4B664}.Debug|Any CPU.ActiveCfg = Debug|Any CPU
		{0D760F93-A62C-482E-A898-511720F4B664}.Debug|Any CPU.Build.0 = Debug|Any CPU
		{0D760F93-A62C-482E-A898-511720F4B664}.Release|Any CPU.ActiveCfg = Release|Any CPU
		{0D760F93-A62C-482E-A898-511720F4B664}.Release|Any CPU.Build.0 = Release|Any CPU
	EndGlobalSection
	GlobalSection(SolutionProperties) = preSolution
		HideSolutionNode = FALSE
	EndGlobalSection
	GlobalSection(ExtensibilityGlobals) = postSolution
		SolutionGuid = {2EC852B7-C109-4B88-A72A-9CD9188A80E2}
	EndGlobalSection
EndGlobal
